
Microsoft Visual Studio Solution File, Format Version 12.00
# Visual Studio 15
VisualStudioVersion = 15.0.28010.2046
MinimumVisualStudioVersion = 10.0.40219.1
Project("{FAE04EC0-301F-11D3-BF4B-00C04F79EFBC}") = "pcf", "pcf\pcf.csproj", "{FA8880B2-8B11-4530-8D0B-71C011FCCC4B}"
EndProject
Global
	GlobalSection(SolutionConfigurationPlatforms) = preSolution
		Debug|Any CPU = Debug|Any CPU
		Release|Any CPU = Release|Any CPU
	EndGlobalSection
	GlobalSection(ProjectConfigurationPlatforms) = postSolution
		{FA8880B2-8B11-4530-8D0B-71C011FCCC4B}.Debug|Any CPU.ActiveCfg = Debug|Any CPU
		{FA8880B2-8B11-4530-8D0B-71C011FCCC4B}.Debug|Any CPU.Build.0 = Debug|Any CPU
		{FA8880B2-8B11-4530-8D0B-71C011FCCC4B}.Release|Any CPU.ActiveCfg = Release|Any CPU
		{FA8880B2-8B11-4530-8D0B-71C011FCCC4B}.Release|Any CPU.Build.0 = Release|Any CPU
	EndGlobalSection
	GlobalSection(SolutionProperties) = preSolution
		HideSolutionNode = FALSE
	EndGlobalSection
	GlobalSection(ExtensibilityGlobals) = postSolution
		SolutionGuid = {483B67D3-CEDD-4793-8F93-0DE0C96437B2}
	EndGlobalSection
EndGlobal
